# THIS IS AN AUTOGENERATED FILE. DO NOT EDIT THIS FILE DIRECTLY.
# yarn lockfile v1


"@playwright/test@^1.26.1":
  version "1.26.1"
  resolved "https://registry.yarnpkg.com/@playwright/test/-/test-1.26.1.tgz#73ada4e70f618bca69ba7509c4ba65b5a41c4b10"
  integrity sha512-bNxyZASVt2adSZ9gbD7NCydzcb5JaI0OR9hc7s+nmPeH604gwp0zp17NNpwXY4c8nvuBGQQ9oGDx72LE+cUWvw==
  dependencies:
    "@types/node" "*"
    playwright-core "1.26.1"

"@types/node@*", "@types/node@^18.7.23":
  version "18.7.23"
  resolved "https://registry.yarnpkg.com/@types/node/-/node-18.7.23.tgz#75c580983846181ebe5f4abc40fe9dfb2d65665f"
  integrity sha512-DWNcCHolDq0ZKGizjx2DZjR/PqsYwAcYUJmfMWqtVU2MBMG5Mo+xFZrhGId5r/O5HOuMPyQEcM6KUBp5lBZZBg==

date-utils-2020@^1.0.3:
  version "1.0.3"
  resolved "https://registry.yarnpkg.com/date-utils-2020/-/date-utils-2020-1.0.3.tgz#51626de97a9306a1f9584a36b3674230c709680f"
  integrity sha512-KGXhD5NTzuj+QxXUmtsQnxhbnA+RTLXOzvArQkGVhmweEQ8WuurP1+RT/XNrceCtvBpCQszQcfdHbVrcN+QWVw==

playwright-core@1.26.1:
  version "1.26.1"
  resolved "https://registry.yarnpkg.com/playwright-core/-/playwright-core-1.26.1.tgz#a162f476488312dcf12638d97685144de6ada512"
  integrity sha512-hzFchhhxnEiPc4qVPs9q2ZR+5eKNifY2hQDHtg1HnTTUuphYCBP8ZRb2si+B1TR7BHirgXaPi48LIye5SgrLAA==

typescript@^4.8.4:
  version "4.8.4"
  resolved "https://registry.yarnpkg.com/typescript/-/typescript-4.8.4.tgz#c464abca159669597be5f96b8943500b238e60e6"
  integrity sha512-QCh+85mCy+h0IGff8r5XWzOVSbBO+KfeYrMQh7NJ58QujwcE22u+NUSmUxqF+un70P9GXKxa2HCNiTTMJknyjQ==

zx-sml@^0.6.1:
  version "0.6.1"
  resolved "https://registry.yarnpkg.com/zx-sml/-/zx-sml-0.6.1.tgz#327aedf0b06a539b7658eddd1b48151f4f821d04"
  integrity sha512-+AbwbTD4gJNKaq2C/VIhQ22J4kzd7RgDw+RICzrQ2q0slC0f8PPhZGDPnNOYoCP/iweNPb40Kro85U1MgsMJxQ==
  dependencies:
    date-utils-2020 "^1.0.3"
